
Microsoft Visual Studio Solution File, Format Version 12.00
# Visual Studio Version 16
VisualStudioVersion = 16.0.29324.140
MinimumVisualStudioVersion = 10.0.40219.1
Project("{FAE04EC0-301F-11D3-BF4B-00C04F79EFBC}") = "UserMaintenance", "UserMaintenance\UserMaintenance.csproj", "{278263C6-5B8A-4F70-8A19-D3B03E664688}"
EndProject
Global
	GlobalSection(SolutionConfigurationPlatforms) = preSolution
		Debug|Any CPU = Debug|Any CPU
		Release|Any CPU = Release|Any CPU
	EndGlobalSection
	GlobalSection(ProjectConfigurationPlatforms) = postSolution
		{278263C6-5B8A-4F70-8A19-D3B03E664688}.Debug|Any CPU.ActiveCfg = Debug|Any CPU
		{278263C6-5B8A-4F70-8A19-D3B03E664688}.Debug|Any CPU.Build.0 = Debug|Any CPU
		{278263C6-5B8A-4F70-8A19-D3B03E664688}.Release|Any CPU.ActiveCfg = Release|Any CPU
		{278263C6-5B8A-4F70-8A19-D3B03E664688}.Release|Any CPU.Build.0 = Release|Any CPU
	EndGlobalSection
	GlobalSection(SolutionProperties) = preSolution
		HideSolutionNode = FALSE
	EndGlobalSection
	GlobalSection(ExtensibilityGlobals) = postSolution
		SolutionGuid = {4AEC743D-19DB-41A3-B8E7-56A8263082F0}
	EndGlobalSection
EndGlobal
